
Microsoft Visual Studio Solution File, Format Version 12.00
# Visual Studio 2013
VisualStudioVersion = 12.0.40629.0
MinimumVisualStudioVersion = 10.0.40219.1
Project("{FAE04EC0-301F-11D3-BF4B-00C04F79EFBC}") = "guider", "guider.csproj", "{F19CEFB2-9FCB-4E65-9DC0-E5F3808DD663}"
EndProject
Project("{FAE04EC0-301F-11D3-BF4B-00C04F79EFBC}") = "PHD2ClientSample", "..\PHD2Client\PHD2ClientSample.csproj", "{DC21742B-F425-425A-8D22-37DC9C18764F}"
EndProject
Global
	GlobalSection(SolutionConfigurationPlatforms) = preSolution
		Debug|Any CPU = Debug|Any CPU
		Release|Any CPU = Release|Any CPU
	EndGlobalSection
	GlobalSection(ProjectConfigurationPlatforms) = postSolution
		{F19CEFB2-9FCB-4E65-9DC0-E5F3808DD663}.Debug|Any CPU.ActiveCfg = Debug|Any CPU
		{F19CEFB2-9FCB-4E65-9DC0-E5F3808DD663}.Debug|Any CPU.Build.0 = Debug|Any CPU
		{F19CEFB2-9FCB-4E65-9DC0-E5F3808DD663}.Release|Any CPU.ActiveCfg = Release|Any CPU
		{F19CEFB2-9FCB-4E65-9DC0-E5F3808DD663}.Release|Any CPU.Build.0 = Release|Any CPU
		{DC21742B-F425-425A-8D22-37DC9C18764F}.Debug|Any CPU.ActiveCfg = Debug|Any CPU
		{DC21742B-F425-425A-8D22-37DC9C18764F}.Debug|Any CPU.Build.0 = Debug|Any CPU
		{DC21742B-F425-425A-8D22-37DC9C18764F}.Release|Any CPU.ActiveCfg = Release|Any CPU
		{DC21742B-F425-425A-8D22-37DC9C18764F}.Release|Any CPU.Build.0 = Release|Any CPU
	EndGlobalSection
	GlobalSection(SolutionProperties) = preSolution
		HideSolutionNode = FALSE
	EndGlobalSection
EndGlobal
